
Microsoft Visual Studio Solution File, Format Version 12.00
# Visual Studio Version 17
VisualStudioVersion = 17.7.34221.43
MinimumVisualStudioVersion = 10.0.40219.1
Project("{8BC9CEB8-8B4A-11D0-8D11-00A0C91BC942}") = "lab8_again", "lab8_again.vcxproj", "{F107EA18-85B0-4487-9CB5-53D02BFFD710}"
EndProject
Global
	GlobalSection(SolutionConfigurationPlatforms) = preSolution
		Debug|x64 = Debug|x64
		Debug|x86 = Debug|x86
		Release|x64 = Release|x64
		Release|x86 = Release|x86
	EndGlobalSection
	GlobalSection(ProjectConfigurationPlatforms) = postSolution
		{F107EA18-85B0-4487-9CB5-53D02BFFD710}.Debug|x64.ActiveCfg = Debug|x64
		{F107EA18-85B0-4487-9CB5-53D02BFFD710}.Debug|x64.Build.0 = Debug|x64
		{F107EA18-85B0-4487-9CB5-53D02BFFD710}.Debug|x86.ActiveCfg = Debug|Win32
		{F107EA18-85B0-4487-9CB5-53D02BFFD710}.Debug|x86.Build.0 = Debug|Win32
		{F107EA18-85B0-4487-9CB5-53D02BFFD710}.Release|x64.ActiveCfg = Release|x64
		{F107EA18-85B0-4487-9CB5-53D02BFFD710}.Release|x64.Build.0 = Release|x64
		{F107EA18-85B0-4487-9CB5-53D02BFFD710}.Release|x86.ActiveCfg = Release|Win32
		{F107EA18-85B0-4487-9CB5-53D02BFFD710}.Release|x86.Build.0 = Release|Win32
	EndGlobalSection
	GlobalSection(SolutionProperties) = preSolution
		HideSolutionNode = FALSE
	EndGlobalSection
	GlobalSection(ExtensibilityGlobals) = postSolution
		SolutionGuid = {875F9C24-A50C-4B31-A8C4-A8BDC35662F8}
	EndGlobalSection
EndGlobal
